// !$*UTF8*$!
{
	archiveVersion = 1;
	classes = {
	};
	objectVersion = 55;
	objects = {

/* Begin PBXBuildFile section */
		50000B08271EA21C00B9660C /* VMCacheInvalidater.swift in Sources */ = {isa = PBXBuildFile; fileRef = 50000B07271EA21C00B9660C /* VMCacheInvalidater.swift */; };
		50000B0A271EA5BA00B9660C /* VMQueryConsumer.swift in Sources */ = {isa = PBXBuildFile; fileRef = 50000B09271EA5BA00B9660C /* VMQueryConsumer.swift */; };
		50000B0C271EA69400B9660C /* VMQueryRegistry.swift in Sources */ = {isa = PBXBuildFile; fileRef = 50000B0B271EA69400B9660C /* VMQueryRegistry.swift */; };
		50000B0F271EB9E700B9660C /* VMAnyQuery.swift in Sources */ = {isa = PBXBuildFile; fileRef = 50000B0E271EB9E700B9660C /* VMAnyQuery.swift */; };
		50000B11271ED05D00B9660C /* VMAnyQueryTests.swift in Sources */ = {isa = PBXBuildFile; fileRef = 50000B10271ED05D00B9660C /* VMAnyQueryTests.swift */; };
		502EB58F271D15E5003D89FC /* VMInMemoryCache.swift in Sources */ = {isa = PBXBuildFile; fileRef = 502EB58E271D15E5003D89FC /* VMInMemoryCache.swift */; };
		502EB591271D15FF003D89FC /* VMUserDefaultsCache.swift in Sources */ = {isa = PBXBuildFile; fileRef = 502EB590271D15FF003D89FC /* VMUserDefaultsCache.swift */; };
		502EB593271D249B003D89FC /* VMCacheConfiguration.swift in Sources */ = {isa = PBXBuildFile; fileRef = 502EB592271D249B003D89FC /* VMCacheConfiguration.swift */; };
		502EB59C271D4EF7003D89FC /* Atsani.framework in Frameworks */ = {isa = PBXBuildFile; fileRef = 509109B5271B083400174E4D /* Atsani.framework */; platformFilter = ios; };
		502EB5A7271D4F4F003D89FC /* VMInMemoryCacheTests.swift in Sources */ = {isa = PBXBuildFile; fileRef = 502EB5A6271D4F4F003D89FC /* VMInMemoryCacheTests.swift */; };
		502EB5A9271D4F5C003D89FC /* VMUserDefaultsCacheTests.swift in Sources */ = {isa = PBXBuildFile; fileRef = 502EB5A8271D4F5C003D89FC /* VMUserDefaultsCacheTests.swift */; };
		502EB5AD271D555C003D89FC /* String+Tests.swift in Sources */ = {isa = PBXBuildFile; fileRef = 502EB5AB271D522B003D89FC /* String+Tests.swift */; };
		502EB5AF271D5852003D89FC /* VMQuery.swift in Sources */ = {isa = PBXBuildFile; fileRef = 502EB5AE271D5852003D89FC /* VMQuery.swift */; };
		502EB5B1271D5AC4003D89FC /* VMQueryState.swift in Sources */ = {isa = PBXBuildFile; fileRef = 502EB5B0271D5AC4003D89FC /* VMQueryState.swift */; };
		502EB5B4271D5AF2003D89FC /* Foundation.framework in Frameworks */ = {isa = PBXBuildFile; fileRef = 502EB5B3271D5AF2003D89FC /* Foundation.framework */; };
		502EB5B6271D5AF8003D89FC /* Combine.framework in Frameworks */ = {isa = PBXBuildFile; fileRef = 502EB5B5271D5AF8003D89FC /* Combine.framework */; };
		502EB5B8271D6194003D89FC /* Atsani.swift in Sources */ = {isa = PBXBuildFile; fileRef = 502EB5B7271D6194003D89FC /* Atsani.swift */; };
		502EB5BA271D6312003D89FC /* VMPageableCacheKey.swift in Sources */ = {isa = PBXBuildFile; fileRef = 502EB5B9271D6312003D89FC /* VMPageableCacheKey.swift */; };
		502EB5BE271D7948003D89FC /* VMPageableCacheKeyTests.swift in Sources */ = {isa = PBXBuildFile; fileRef = 502EB5BD271D7948003D89FC /* VMPageableCacheKeyTests.swift */; };
		50BE982127213951001EC070 /* VMCacheConfigurationTests.swift in Sources */ = {isa = PBXBuildFile; fileRef = 50BE982027213951001EC070 /* VMCacheConfigurationTests.swift */; };
		50BE982327213C63001EC070 /* VMQueryRegistryTests.swift in Sources */ = {isa = PBXBuildFile; fileRef = 50BE982227213C63001EC070 /* VMQueryRegistryTests.swift */; };
		50BE9827272140AC001EC070 /* InvalidationPolicy+Tests.swift in Sources */ = {isa = PBXBuildFile; fileRef = 50BE9826272140AC001EC070 /* InvalidationPolicy+Tests.swift */; };
		50BE982927214113001EC070 /* VMQueryState+Tests.swift in Sources */ = {isa = PBXBuildFile; fileRef = 50BE982827214113001EC070 /* VMQueryState+Tests.swift */; };
		50BE982D272144A0001EC070 /* AtsaniTests.swift in Sources */ = {isa = PBXBuildFile; fileRef = 50BE982C272144A0001EC070 /* AtsaniTests.swift */; };
		50BE982F27215CE5001EC070 /* VMQueryConsumerTests.swift in Sources */ = {isa = PBXBuildFile; fileRef = 50BE982E27215CE5001EC070 /* VMQueryConsumerTests.swift */; };
		50BE983127215E7C001EC070 /* VMQueryTests.swift in Sources */ = {isa = PBXBuildFile; fileRef = 50BE983027215E7C001EC070 /* VMQueryTests.swift */; };
		50BE983727216BF7001EC070 /* AtsaniKey.swift in Sources */ = {isa = PBXBuildFile; fileRef = 50BE983627216BF7001EC070 /* AtsaniKey.swift */; };
/* End PBXBuildFile section */

/* Begin PBXContainerItemProxy section */
		502EB59D271D4EF7003D89FC /* PBXContainerItemProxy */ = {
			isa = PBXContainerItemProxy;
			containerPortal = 509109AC271B083400174E4D /* Project object */;
			proxyType = 1;
			remoteGlobalIDString = 509109B4271B083400174E4D;
			remoteInfo = Atsani;
		};
/* End PBXContainerItemProxy section */

/* Begin PBXFileReference section */
		50000B07271EA21C00B9660C /* VMCacheInvalidater.swift */ = {isa = PBXFileReference; lastKnownFileType = sourcecode.swift; path = VMCacheInvalidater.swift; sourceTree = "<group>"; };
		50000B09271EA5BA00B9660C /* VMQueryConsumer.swift */ = {isa = PBXFileReference; lastKnownFileType = sourcecode.swift; path = VMQueryConsumer.swift; sourceTree = "<group>"; };
		50000B0B271EA69400B9660C /* VMQueryRegistry.swift */ = {isa = PBXFileReference; lastKnownFileType = sourcecode.swift; path = VMQueryRegistry.swift; sourceTree = "<group>"; };
		50000B0E271EB9E700B9660C /* VMAnyQuery.swift */ = {isa = PBXFileReference; lastKnownFileType = sourcecode.swift; path = VMAnyQuery.swift; sourceTree = "<group>"; };
		50000B10271ED05D00B9660C /* VMAnyQueryTests.swift */ = {isa = PBXFileReference; lastKnownFileType = sourcecode.swift; path = VMAnyQueryTests.swift; sourceTree = "<group>"; };
		502EB58E271D15E5003D89FC /* VMInMemoryCache.swift */ = {isa = PBXFileReference; lastKnownFileType = sourcecode.swift; path = VMInMemoryCache.swift; sourceTree = "<group>"; };
		502EB590271D15FF003D89FC /* VMUserDefaultsCache.swift */ = {isa = PBXFileReference; lastKnownFileType = sourcecode.swift; path = VMUserDefaultsCache.swift; sourceTree = "<group>"; };
		502EB592271D249B003D89FC /* VMCacheConfiguration.swift */ = {isa = PBXFileReference; lastKnownFileType = sourcecode.swift; path = VMCacheConfiguration.swift; sourceTree = "<group>"; };
		502EB598271D4EF7003D89FC /* AtsaniTests.xctest */ = {isa = PBXFileReference; explicitFileType = wrapper.cfbundle; includeInIndex = 0; path = AtsaniTests.xctest; sourceTree = BUILT_PRODUCTS_DIR; };
		502EB5A6271D4F4F003D89FC /* VMInMemoryCacheTests.swift */ = {isa = PBXFileReference; lastKnownFileType = sourcecode.swift; path = VMInMemoryCacheTests.swift; sourceTree = "<group>"; };
		502EB5A8271D4F5C003D89FC /* VMUserDefaultsCacheTests.swift */ = {isa = PBXFileReference; lastKnownFileType = sourcecode.swift; path = VMUserDefaultsCacheTests.swift; sourceTree = "<group>"; };
		502EB5AB271D522B003D89FC /* String+Tests.swift */ = {isa = PBXFileReference; lastKnownFileType = sourcecode.swift; path = "String+Tests.swift"; sourceTree = "<group>"; };
		502EB5AE271D5852003D89FC /* VMQuery.swift */ = {isa = PBXFileReference; lastKnownFileType = sourcecode.swift; path = VMQuery.swift; sourceTree = "<group>"; };
		502EB5B0271D5AC4003D89FC /* VMQueryState.swift */ = {isa = PBXFileReference; lastKnownFileType = sourcecode.swift; path = VMQueryState.swift; sourceTree = "<group>"; };
		502EB5B3271D5AF2003D89FC /* Foundation.framework */ = {isa = PBXFileReference; lastKnownFileType = wrapper.framework; name = Foundation.framework; path = System/Library/Frameworks/Foundation.framework; sourceTree = SDKROOT; };
		502EB5B5271D5AF8003D89FC /* Combine.framework */ = {isa = PBXFileReference; lastKnownFileType = wrapper.framework; name = Combine.framework; path = System/Library/Frameworks/Combine.framework; sourceTree = SDKROOT; };
		502EB5B7271D6194003D89FC /* Atsani.swift */ = {isa = PBXFileReference; lastKnownFileType = sourcecode.swift; path = Atsani.swift; sourceTree = "<group>"; };
		502EB5B9271D6312003D89FC /* VMPageableCacheKey.swift */ = {isa = PBXFileReference; lastKnownFileType = sourcecode.swift; path = VMPageableCacheKey.swift; sourceTree = "<group>"; };
		502EB5BD271D7948003D89FC /* VMPageableCacheKeyTests.swift */ = {isa = PBXFileReference; lastKnownFileType = sourcecode.swift; path = VMPageableCacheKeyTests.swift; sourceTree = "<group>"; };
		509109B5271B083400174E4D /* Atsani.framework */ = {isa = PBXFileReference; explicitFileType = wrapper.framework; includeInIndex = 0; path = Atsani.framework; sourceTree = BUILT_PRODUCTS_DIR; };
		50BE982027213951001EC070 /* VMCacheConfigurationTests.swift */ = {isa = PBXFileReference; lastKnownFileType = sourcecode.swift; path = VMCacheConfigurationTests.swift; sourceTree = "<group>"; };
		50BE982227213C63001EC070 /* VMQueryRegistryTests.swift */ = {isa = PBXFileReference; lastKnownFileType = sourcecode.swift; path = VMQueryRegistryTests.swift; sourceTree = "<group>"; };
		50BE9826272140AC001EC070 /* InvalidationPolicy+Tests.swift */ = {isa = PBXFileReference; lastKnownFileType = sourcecode.swift; path = "InvalidationPolicy+Tests.swift"; sourceTree = "<group>"; };
		50BE982827214113001EC070 /* VMQueryState+Tests.swift */ = {isa = PBXFileReference; lastKnownFileType = sourcecode.swift; path = "VMQueryState+Tests.swift"; sourceTree = "<group>"; };
		50BE982C272144A0001EC070 /* AtsaniTests.swift */ = {isa = PBXFileReference; lastKnownFileType = sourcecode.swift; path = AtsaniTests.swift; sourceTree = "<group>"; };
		50BE982E27215CE5001EC070 /* VMQueryConsumerTests.swift */ = {isa = PBXFileReference; lastKnownFileType = sourcecode.swift; path = VMQueryConsumerTests.swift; sourceTree = "<group>"; };
		50BE983027215E7C001EC070 /* VMQueryTests.swift */ = {isa = PBXFileReference; lastKnownFileType = sourcecode.swift; path = VMQueryTests.swift; sourceTree = "<group>"; };
		50BE983627216BF7001EC070 /* AtsaniKey.swift */ = {isa = PBXFileReference; lastKnownFileType = sourcecode.swift; path = AtsaniKey.swift; sourceTree = "<group>"; };
/* End PBXFileReference section */

/* Begin PBXFrameworksBuildPhase section */
		502EB595271D4EF7003D89FC /* Frameworks */ = {
			isa = PBXFrameworksBuildPhase;
			buildActionMask = 2147483647;
			files = (
				502EB59C271D4EF7003D89FC /* Atsani.framework in Frameworks */,
			);
			runOnlyForDeploymentPostprocessing = 0;
		};
		509109B2271B083400174E4D /* Frameworks */ = {
			isa = PBXFrameworksBuildPhase;
			buildActionMask = 2147483647;
			files = (
				502EB5B6271D5AF8003D89FC /* Combine.framework in Frameworks */,
				502EB5B4271D5AF2003D89FC /* Foundation.framework in Frameworks */,
			);
			runOnlyForDeploymentPostprocessing = 0;
		};
/* End PBXFrameworksBuildPhase section */

/* Begin PBXGroup section */
		502EB588271D105A003D89FC /* Core */ = {
			isa = PBXGroup;
			children = (
				502EB5B7271D6194003D89FC /* Atsani.swift */,
				50BE983627216BF7001EC070 /* AtsaniKey.swift */,
				50000B0E271EB9E700B9660C /* VMAnyQuery.swift */,
				502EB592271D249B003D89FC /* VMCacheConfiguration.swift */,
				50000B07271EA21C00B9660C /* VMCacheInvalidater.swift */,
				502EB58E271D15E5003D89FC /* VMInMemoryCache.swift */,
				502EB5B9271D6312003D89FC /* VMPageableCacheKey.swift */,
				502EB5AE271D5852003D89FC /* VMQuery.swift */,
				50000B09271EA5BA00B9660C /* VMQueryConsumer.swift */,
				50000B0B271EA69400B9660C /* VMQueryRegistry.swift */,
				502EB5B0271D5AC4003D89FC /* VMQueryState.swift */,
				502EB590271D15FF003D89FC /* VMUserDefaultsCache.swift */,
			);
			path = Core;
			sourceTree = "<group>";
		};
		502EB599271D4EF7003D89FC /* Tests */ = {
			isa = PBXGroup;
			children = (
				502EB5AA271D5219003D89FC /* Utils */,
				50BE982C272144A0001EC070 /* AtsaniTests.swift */,
				50000B10271ED05D00B9660C /* VMAnyQueryTests.swift */,
				50BE982027213951001EC070 /* VMCacheConfigurationTests.swift */,
				502EB5A6271D4F4F003D89FC /* VMInMemoryCacheTests.swift */,
				502EB5BD271D7948003D89FC /* VMPageableCacheKeyTests.swift */,
				50BE982E27215CE5001EC070 /* VMQueryConsumerTests.swift */,
				50BE982227213C63001EC070 /* VMQueryRegistryTests.swift */,
				50BE983027215E7C001EC070 /* VMQueryTests.swift */,
				502EB5A8271D4F5C003D89FC /* VMUserDefaultsCacheTests.swift */,
			);
			path = Tests;
			sourceTree = "<group>";
		};
		502EB5AA271D5219003D89FC /* Utils */ = {
			isa = PBXGroup;
			children = (
				50BE9826272140AC001EC070 /* InvalidationPolicy+Tests.swift */,
				502EB5AB271D522B003D89FC /* String+Tests.swift */,
				50BE982827214113001EC070 /* VMQueryState+Tests.swift */,
			);
			path = Utils;
			sourceTree = "<group>";
		};
		502EB5B2271D5AF2003D89FC /* Frameworks */ = {
			isa = PBXGroup;
			children = (
				502EB5B5271D5AF8003D89FC /* Combine.framework */,
				502EB5B3271D5AF2003D89FC /* Foundation.framework */,
			);
			name = Frameworks;
			sourceTree = "<group>";
		};
		509109AB271B083400174E4D = {
			isa = PBXGroup;
			children = (
				509109BF271B085E00174E4D /* Sources */,
				502EB599271D4EF7003D89FC /* Tests */,
				509109B6271B083400174E4D /* Products */,
				502EB5B2271D5AF2003D89FC /* Frameworks */,
			);
			sourceTree = "<group>";
		};
		509109B6271B083400174E4D /* Products */ = {
			isa = PBXGroup;
			children = (
				509109B5271B083400174E4D /* Atsani.framework */,
				502EB598271D4EF7003D89FC /* AtsaniTests.xctest */,
			);
			name = Products;
			sourceTree = "<group>";
		};
		509109BF271B085E00174E4D /* Sources */ = {
			isa = PBXGroup;
			children = (
				502EB588271D105A003D89FC /* Core */,
			);
			path = Sources;
			sourceTree = "<group>";
		};
/* End PBXGroup section */

/* Begin PBXHeadersBuildPhase section */
		509109B0271B083400174E4D /* Headers */ = {
			isa = PBXHeadersBuildPhase;
			buildActionMask = 2147483647;
			files = (
			);
			runOnlyForDeploymentPostprocessing = 0;
		};
/* End PBXHeadersBuildPhase section */

/* Begin PBXNativeTarget section */
		502EB597271D4EF7003D89FC /* AtsaniTests */ = {
			isa = PBXNativeTarget;
			buildConfigurationList = 502EB59F271D4EF7003D89FC /* Build configuration list for PBXNativeTarget "AtsaniTests" */;
			buildPhases = (
				502EB594271D4EF7003D89FC /* Sources */,
				502EB595271D4EF7003D89FC /* Frameworks */,
				502EB596271D4EF7003D89FC /* Resources */,
			);
			buildRules = (
			);
			dependencies = (
				502EB59E271D4EF7003D89FC /* PBXTargetDependency */,
			);
			name = AtsaniTests;
			productName = AtsaniTests;
			productReference = 502EB598271D4EF7003D89FC /* AtsaniTests.xctest */;
			productType = "com.apple.product-type.bundle.unit-test";
		};
		509109B4271B083400174E4D /* Atsani */ = {
			isa = PBXNativeTarget;
			buildConfigurationList = 509109BC271B083400174E4D /* Build configuration list for PBXNativeTarget "Atsani" */;
			buildPhases = (
				509109B0271B083400174E4D /* Headers */,
				509109B1271B083400174E4D /* Sources */,
				509109B2271B083400174E4D /* Frameworks */,
				509109B3271B083400174E4D /* Resources */,
			);
			buildRules = (
			);
			dependencies = (
			);
			name = Atsani;
			productName = Atsani;
			productReference = 509109B5271B083400174E4D /* Atsani.framework */;
			productType = "com.apple.product-type.framework";
		};
/* End PBXNativeTarget section */

/* Begin PBXProject section */
		509109AC271B083400174E4D /* Project object */ = {
			isa = PBXProject;
			attributes = {
				BuildIndependentTargetsInParallel = 1;
				LastSwiftUpdateCheck = 1300;
				LastUpgradeCheck = 1300;
				TargetAttributes = {
					502EB597271D4EF7003D89FC = {
						CreatedOnToolsVersion = 13.0;
						LastSwiftMigration = 1300;
					};
					509109B4271B083400174E4D = {
						CreatedOnToolsVersion = 13.0;
						LastSwiftMigration = 1300;
					};
				};
			};
			buildConfigurationList = 509109AF271B083400174E4D /* Build configuration list for PBXProject "Atsani" */;
			compatibilityVersion = "Xcode 13.0";
			developmentRegion = en;
			hasScannedForEncodings = 0;
			knownRegions = (
				en,
				Base,
			);
			mainGroup = 509109AB271B083400174E4D;
			productRefGroup = 509109B6271B083400174E4D /* Products */;
			projectDirPath = "";
			projectRoot = "";
			targets = (
				509109B4271B083400174E4D /* Atsani */,
				502EB597271D4EF7003D89FC /* AtsaniTests */,
			);
		};
/* End PBXProject section */

/* Begin PBXResourcesBuildPhase section */
		502EB596271D4EF7003D89FC /* Resources */ = {
			isa = PBXResourcesBuildPhase;
			buildActionMask = 2147483647;
			files = (
			);
			runOnlyForDeploymentPostprocessing = 0;
		};
		509109B3271B083400174E4D /* Resources */ = {
			isa = PBXResourcesBuildPhase;
			buildActionMask = 2147483647;
			files = (
			);
			runOnlyForDeploymentPostprocessing = 0;
		};
/* End PBXResourcesBuildPhase section */

/* Begin PBXSourcesBuildPhase section */
		502EB594271D4EF7003D89FC /* Sources */ = {
			isa = PBXSourcesBuildPhase;
			buildActionMask = 2147483647;
			files = (
				50000B11271ED05D00B9660C /* VMAnyQueryTests.swift in Sources */,
				50BE9827272140AC001EC070 /* InvalidationPolicy+Tests.swift in Sources */,
				50BE982F27215CE5001EC070 /* VMQueryConsumerTests.swift in Sources */,
				502EB5A9271D4F5C003D89FC /* VMUserDefaultsCacheTests.swift in Sources */,
				50BE982127213951001EC070 /* VMCacheConfigurationTests.swift in Sources */,
				50BE983127215E7C001EC070 /* VMQueryTests.swift in Sources */,
				50BE982D272144A0001EC070 /* AtsaniTests.swift in Sources */,
				502EB5A7271D4F4F003D89FC /* VMInMemoryCacheTests.swift in Sources */,
				502EB5AD271D555C003D89FC /* String+Tests.swift in Sources */,
				502EB5BE271D7948003D89FC /* VMPageableCacheKeyTests.swift in Sources */,
				50BE982327213C63001EC070 /* VMQueryRegistryTests.swift in Sources */,
				50BE982927214113001EC070 /* VMQueryState+Tests.swift in Sources */,
			);
			runOnlyForDeploymentPostprocessing = 0;
		};
		509109B1271B083400174E4D /* Sources */ = {
			isa = PBXSourcesBuildPhase;
			buildActionMask = 2147483647;
			files = (
				502EB593271D249B003D89FC /* VMCacheConfiguration.swift in Sources */,
				50BE983727216BF7001EC070 /* AtsaniKey.swift in Sources */,
				502EB591271D15FF003D89FC /* VMUserDefaultsCache.swift in Sources */,
				50000B0C271EA69400B9660C /* VMQueryRegistry.swift in Sources */,
				50000B0F271EB9E700B9660C /* VMAnyQuery.swift in Sources */,
				502EB58F271D15E5003D89FC /* VMInMemoryCache.swift in Sources */,
				502EB5AF271D5852003D89FC /* VMQuery.swift in Sources */,
				50000B0A271EA5BA00B9660C /* VMQueryConsumer.swift in Sources */,
				50000B08271EA21C00B9660C /* VMCacheInvalidater.swift in Sources */,
				502EB5B1271D5AC4003D89FC /* VMQueryState.swift in Sources */,
				502EB5BA271D6312003D89FC /* VMPageableCacheKey.swift in Sources */,
				502EB5B8271D6194003D89FC /* Atsani.swift in Sources */,
			);
			runOnlyForDeploymentPostprocessing = 0;
		};
/* End PBXSourcesBuildPhase section */

/* Begin PBXTargetDependency section */
		502EB59E271D4EF7003D89FC /* PBXTargetDependency */ = {
			isa = PBXTargetDependency;
			platformFilter = ios;
			target = 509109B4271B083400174E4D /* Atsani */;
			targetProxy = 502EB59D271D4EF7003D89FC /* PBXContainerItemProxy */;
		};
/* End PBXTargetDependency section */

/* Begin XCBuildConfiguration section */
		502EB5A0271D4EF7003D89FC /* Debug */ = {
			isa = XCBuildConfiguration;
			buildSettings = {
				CLANG_ENABLE_MODULES = YES;
				CODE_SIGN_STYLE = Automatic;
				CURRENT_PROJECT_VERSION = 1;
				GENERATE_INFOPLIST_FILE = YES;
				IPHONEOS_DEPLOYMENT_TARGET = 13.0;
				LD_RUNPATH_SEARCH_PATHS = (
					"$(inherited)",
					"@executable_path/Frameworks",
					"@loader_path/Frameworks",
				);
				MARKETING_VERSION = 1.0;
				PRODUCT_BUNDLE_IDENTIFIER = com.max.jian.test.AtsaniTests;
				PRODUCT_NAME = "$(TARGET_NAME)";
				SWIFT_EMIT_LOC_STRINGS = NO;
				SWIFT_OPTIMIZATION_LEVEL = "-Onone";
				SWIFT_VERSION = 5.0;
				TARGETED_DEVICE_FAMILY = 1;
			};
			name = Debug;
		};
		502EB5A1271D4EF7003D89FC /* Release */ = {
			isa = XCBuildConfiguration;
			buildSettings = {
				CLANG_ENABLE_MODULES = YES;
				CODE_SIGN_STYLE = Automatic;
				CURRENT_PROJECT_VERSION = 1;
				GENERATE_INFOPLIST_FILE = YES;
				IPHONEOS_DEPLOYMENT_TARGET = 13.0;
				LD_RUNPATH_SEARCH_PATHS = (
					"$(inherited)",
					"@executable_path/Frameworks",
					"@loader_path/Frameworks",
				);
				MARKETING_VERSION = 1.0;
				PRODUCT_BUNDLE_IDENTIFIER = com.max.jian.test.AtsaniTests;
				PRODUCT_NAME = "$(TARGET_NAME)";
				SWIFT_EMIT_LOC_STRINGS = NO;
				SWIFT_VERSION = 5.0;
				TARGETED_DEVICE_FAMILY = 1;
			};
			name = Release;
		};
		509109BA271B083400174E4D /* Debug */ = {
			isa = XCBuildConfiguration;
			buildSettings = {
				ALWAYS_SEARCH_USER_PATHS = NO;
				CLANG_ANALYZER_NONNULL = YES;
				CLANG_ANALYZER_NUMBER_OBJECT_CONVERSION = YES_AGGRESSIVE;
				CLANG_CXX_LANGUAGE_STANDARD = "gnu++17";
				CLANG_CXX_LIBRARY = "libc++";
				CLANG_ENABLE_MODULES = YES;
				CLANG_ENABLE_OBJC_ARC = YES;
				CLANG_ENABLE_OBJC_WEAK = YES;
				CLANG_WARN_BLOCK_CAPTURE_AUTORELEASING = YES;
				CLANG_WARN_BOOL_CONVERSION = YES;
				CLANG_WARN_COMMA = YES;
				CLANG_WARN_CONSTANT_CONVERSION = YES;
				CLANG_WARN_DEPRECATED_OBJC_IMPLEMENTATIONS = YES;
				CLANG_WARN_DIRECT_OBJC_ISA_USAGE = YES_ERROR;
				CLANG_WARN_DOCUMENTATION_COMMENTS = YES;
				CLANG_WARN_EMPTY_BODY = YES;
				CLANG_WARN_ENUM_CONVERSION = YES;
				CLANG_WARN_INFINITE_RECURSION = YES;
				CLANG_WARN_INT_CONVERSION = YES;
				CLANG_WARN_NON_LITERAL_NULL_CONVERSION = YES;
				CLANG_WARN_OBJC_IMPLICIT_RETAIN_SELF = YES;
				CLANG_WARN_OBJC_LITERAL_CONVERSION = YES;
				CLANG_WARN_OBJC_ROOT_CLASS = YES_ERROR;
				CLANG_WARN_QUOTED_INCLUDE_IN_FRAMEWORK_HEADER = YES;
				CLANG_WARN_RANGE_LOOP_ANALYSIS = YES;
				CLANG_WARN_STRICT_PROTOTYPES = YES;
				CLANG_WARN_SUSPICIOUS_MOVE = YES;
				CLANG_WARN_UNGUARDED_AVAILABILITY = YES_AGGRESSIVE;
				CLANG_WARN_UNREACHABLE_CODE = YES;
				CLANG_WARN__DUPLICATE_METHOD_MATCH = YES;
				COPY_PHASE_STRIP = NO;
				CURRENT_PROJECT_VERSION = 1;
				DEBUG_INFORMATION_FORMAT = dwarf;
				ENABLE_STRICT_OBJC_MSGSEND = YES;
				ENABLE_TESTABILITY = YES;
				GCC_C_LANGUAGE_STANDARD = gnu11;
				GCC_DYNAMIC_NO_PIC = NO;
				GCC_NO_COMMON_BLOCKS = YES;
				GCC_OPTIMIZATION_LEVEL = 0;
				GCC_PREPROCESSOR_DEFINITIONS = (
					"DEBUG=1",
					"$(inherited)",
				);
				GCC_WARN_64_TO_32_BIT_CONVERSION = YES;
				GCC_WARN_ABOUT_RETURN_TYPE = YES_ERROR;
				GCC_WARN_UNDECLARED_SELECTOR = YES;
				GCC_WARN_UNINITIALIZED_AUTOS = YES_AGGRESSIVE;
				GCC_WARN_UNUSED_FUNCTION = YES;
				GCC_WARN_UNUSED_VARIABLE = YES;
				IPHONEOS_DEPLOYMENT_TARGET = 13.0;
				MTL_ENABLE_DEBUG_INFO = INCLUDE_SOURCE;
				MTL_FAST_MATH = YES;
				ONLY_ACTIVE_ARCH = YES;
				SDKROOT = iphoneos;
				SWIFT_ACTIVE_COMPILATION_CONDITIONS = DEBUG;
				SWIFT_OPTIMIZATION_LEVEL = "-Onone";
				VERSIONING_SYSTEM = "apple-generic";
				VERSION_INFO_PREFIX = "";
			};
			name = Debug;
		};
		509109BB271B083400174E4D /* Release */ = {
			isa = XCBuildConfiguration;
			buildSettings = {
				ALWAYS_SEARCH_USER_PATHS = NO;
				CLANG_ANALYZER_NONNULL = YES;
				CLANG_ANALYZER_NUMBER_OBJECT_CONVERSION = YES_AGGRESSIVE;
				CLANG_CXX_LANGUAGE_STANDARD = "gnu++17";
				CLANG_CXX_LIBRARY = "libc++";
				CLANG_ENABLE_MODULES = YES;
				CLANG_ENABLE_OBJC_ARC = YES;
				CLANG_ENABLE_OBJC_WEAK = YES;
				CLANG_WARN_BLOCK_CAPTURE_AUTORELEASING = YES;
				CLANG_WARN_BOOL_CONVERSION = YES;
				CLANG_WARN_COMMA = YES;
				CLANG_WARN_CONSTANT_CONVERSION = YES;
				CLANG_WARN_DEPRECATED_OBJC_IMPLEMENTATIONS = YES;
				CLANG_WARN_DIRECT_OBJC_ISA_USAGE = YES_ERROR;
				CLANG_WARN_DOCUMENTATION_COMMENTS = YES;
				CLANG_WARN_EMPTY_BODY = YES;
				CLANG_WARN_ENUM_CONVERSION = YES;
				CLANG_WARN_INFINITE_RECURSION = YES;
				CLANG_WARN_INT_CONVERSION = YES;
				CLANG_WARN_NON_LITERAL_NULL_CONVERSION = YES;
				CLANG_WARN_OBJC_IMPLICIT_RETAIN_SELF = YES;
				CLANG_WARN_OBJC_LITERAL_CONVERSION = YES;
				CLANG_WARN_OBJC_ROOT_CLASS = YES_ERROR;
				CLANG_WARN_QUOTED_INCLUDE_IN_FRAMEWORK_HEADER = YES;
				CLANG_WARN_RANGE_LOOP_ANALYSIS = YES;
				CLANG_WARN_STRICT_PROTOTYPES = YES;
				CLANG_WARN_SUSPICIOUS_MOVE = YES;
				CLANG_WARN_UNGUARDED_AVAILABILITY = YES_AGGRESSIVE;
				CLANG_WARN_UNREACHABLE_CODE = YES;
				CLANG_WARN__DUPLICATE_METHOD_MATCH = YES;
				COPY_PHASE_STRIP = NO;
				CURRENT_PROJECT_VERSION = 1;
				DEBUG_INFORMATION_FORMAT = "dwarf-with-dsym";
				ENABLE_NS_ASSERTIONS = NO;
				ENABLE_STRICT_OBJC_MSGSEND = YES;
				GCC_C_LANGUAGE_STANDARD = gnu11;
				GCC_NO_COMMON_BLOCKS = YES;
				GCC_WARN_64_TO_32_BIT_CONVERSION = YES;
				GCC_WARN_ABOUT_RETURN_TYPE = YES_ERROR;
				GCC_WARN_UNDECLARED_SELECTOR = YES;
				GCC_WARN_UNINITIALIZED_AUTOS = YES_AGGRESSIVE;
				GCC_WARN_UNUSED_FUNCTION = YES;
				GCC_WARN_UNUSED_VARIABLE = YES;
				IPHONEOS_DEPLOYMENT_TARGET = 13.0;
				MTL_ENABLE_DEBUG_INFO = NO;
				MTL_FAST_MATH = YES;
				SDKROOT = iphoneos;
				SWIFT_COMPILATION_MODE = wholemodule;
				SWIFT_OPTIMIZATION_LEVEL = "-O";
				VALIDATE_PRODUCT = YES;
				VERSIONING_SYSTEM = "apple-generic";
				VERSION_INFO_PREFIX = "";
			};
			name = Release;
		};
		509109BD271B083400174E4D /* Debug */ = {
			isa = XCBuildConfiguration;
			buildSettings = {
				APPLICATION_EXTENSION_API_ONLY = YES;
				CLANG_ENABLE_MODULES = YES;
				CODE_SIGN_STYLE = Automatic;
				CURRENT_PROJECT_VERSION = 1;
				DEFINES_MODULE = YES;
				DYLIB_COMPATIBILITY_VERSION = 1;
				DYLIB_CURRENT_VERSION = 1;
				DYLIB_INSTALL_NAME_BASE = "@rpath";
				GENERATE_INFOPLIST_FILE = YES;
				INFOPLIST_KEY_NSHumanReadableCopyright = "";
				INSTALL_PATH = "$(LOCAL_LIBRARY_DIR)/Frameworks";
				LD_RUNPATH_SEARCH_PATHS = (
					"$(inherited)",
					"@executable_path/Frameworks",
					"@loader_path/Frameworks",
				);
				MARKETING_VERSION = 1.0.0;
				PRODUCT_BUNDLE_IDENTIFIER = com.max.jian.Atsani;
				PRODUCT_NAME = "$(TARGET_NAME:c99extidentifier)";
				SKIP_INSTALL = YES;
				SUPPORTS_MACCATALYST = NO;
				SWIFT_EMIT_LOC_STRINGS = YES;
				SWIFT_OPTIMIZATION_LEVEL = "-Onone";
				SWIFT_VERSION = 5.0;
				TARGETED_DEVICE_FAMILY = "1,2";
			};
			name = Debug;
		};
		509109BE271B083400174E4D /* Release */ = {
			isa = XCBuildConfiguration;
			buildSettings = {
				APPLICATION_EXTENSION_API_ONLY = YES;
				CLANG_ENABLE_MODULES = YES;
				CODE_SIGN_STYLE = Automatic;
				CURRENT_PROJECT_VERSION = 1;
				DEFINES_MODULE = YES;
				DYLIB_COMPATIBILITY_VERSION = 1;
				DYLIB_CURRENT_VERSION = 1;
				DYLIB_INSTALL_NAME_BASE = "@rpath";
				GENERATE_INFOPLIST_FILE = YES;
				INFOPLIST_KEY_NSHumanReadableCopyright = "";
				INSTALL_PATH = "$(LOCAL_LIBRARY_DIR)/Frameworks";
				LD_RUNPATH_SEARCH_PATHS = (
					"$(inherited)",
					"@executable_path/Frameworks",
					"@loader_path/Frameworks",
				);
				MARKETING_VERSION = 1.0.0;
				PRODUCT_BUNDLE_IDENTIFIER = com.max.jian.Atsani;
				PRODUCT_NAME = "$(TARGET_NAME:c99extidentifier)";
				SKIP_INSTALL = YES;
				SUPPORTS_MACCATALYST = NO;
				SWIFT_EMIT_LOC_STRINGS = YES;
				SWIFT_VERSION = 5.0;
				TARGETED_DEVICE_FAMILY = "1,2";
			};
			name = Release;
		};
/* End XCBuildConfiguration section */

/* Begin XCConfigurationList section */
		502EB59F271D4EF7003D89FC /* Build configuration list for PBXNativeTarget "AtsaniTests" */ = {
			isa = XCConfigurationList;
			buildConfigurations = (
				502EB5A0271D4EF7003D89FC /* Debug */,
				502EB5A1271D4EF7003D89FC /* Release */,
			);
			defaultConfigurationIsVisible = 0;
			defaultConfigurationName = Release;
		};
		509109AF271B083400174E4D /* Build configuration list for PBXProject "Atsani" */ = {
			isa = XCConfigurationList;
			buildConfigurations = (
				509109BA271B083400174E4D /* Debug */,
				509109BB271B083400174E4D /* Release */,
			);
			defaultConfigurationIsVisible = 0;
			defaultConfigurationName = Release;
		};
		509109BC271B083400174E4D /* Build configuration list for PBXNativeTarget "Atsani" */ = {
			isa = XCConfigurationList;
			buildConfigurations = (
				509109BD271B083400174E4D /* Debug */,
				509109BE271B083400174E4D /* Release */,
			);
			defaultConfigurationIsVisible = 0;
			defaultConfigurationName = Release;
		};
/* End XCConfigurationList section */
	};
	rootObject = 509109AC271B083400174E4D /* Project object */;
}
